
Microsoft Visual Studio Solution File, Format Version 12.00
# Visual Studio Version 16
VisualStudioVersion = 16.0.810.9
MinimumVisualStudioVersion = 10.0.40219.1
Project("{FAE04EC0-301F-11D3-BF4B-00C04F79EFBC}") = "ToDo", "ToDo\ToDo.csproj", "{7D506855-E37F-42FD-8834-0476C9D12B77}"
EndProject
Global
	GlobalSection(SolutionConfigurationPlatforms) = preSolution
		Debug|Any CPU = Debug|Any CPU
		Release|Any CPU = Release|Any CPU
	EndGlobalSection
	GlobalSection(ProjectConfigurationPlatforms) = postSolution
		{7D506855-E37F-42FD-8834-0476C9D12B77}.Debug|Any CPU.ActiveCfg = Debug|Any CPU
		{7D506855-E37F-42FD-8834-0476C9D12B77}.Debug|Any CPU.Build.0 = Debug|Any CPU
		{7D506855-E37F-42FD-8834-0476C9D12B77}.Release|Any CPU.ActiveCfg = Release|Any CPU
		{7D506855-E37F-42FD-8834-0476C9D12B77}.Release|Any CPU.Build.0 = Release|Any CPU
	EndGlobalSection
	GlobalSection(SolutionProperties) = preSolution
		HideSolutionNode = FALSE
	EndGlobalSection
	GlobalSection(ExtensibilityGlobals) = postSolution
		SolutionGuid = {0F36BF2C-91C0-4B47-8712-F9650783078D}
	EndGlobalSection
EndGlobal
